
Microsoft Visual Studio Solution File, Format Version 12.00
# Visual Studio Version 17
VisualStudioVersion = 17.14.36623.8 d17.14
MinimumVisualStudioVersion = 10.0.40219.1
Project("{FAE04EC0-301F-11D3-BF4B-00C04F79EFBC}") = "WindowsFormsApp2", "WindowsFormsApp2\WindowsFormsApp2.csproj", "{692C7DA0-9333-447F-99BF-5E6E2B8CC17D}"
EndProject
Global
	GlobalSection(SolutionConfigurationPlatforms) = preSolution
		Debug|Any CPU = Debug|Any CPU
		Release|Any CPU = Release|Any CPU
	EndGlobalSection
	GlobalSection(ProjectConfigurationPlatforms) = postSolution
		{692C7DA0-9333-447F-99BF-5E6E2B8CC17D}.Debug|Any CPU.ActiveCfg = Debug|Any CPU
		{692C7DA0-9333-447F-99BF-5E6E2B8CC17D}.Debug|Any CPU.Build.0 = Debug|Any CPU
		{692C7DA0-9333-447F-99BF-5E6E2B8CC17D}.Release|Any CPU.ActiveCfg = Release|Any CPU
		{692C7DA0-9333-447F-99BF-5E6E2B8CC17D}.Release|Any CPU.Build.0 = Release|Any CPU
	EndGlobalSection
	GlobalSection(SolutionProperties) = preSolution
		HideSolutionNode = FALSE
	EndGlobalSection
	GlobalSection(ExtensibilityGlobals) = postSolution
		SolutionGuid = {8EE6FE14-15DD-4D35-B40D-88FD72319B09}
	EndGlobalSection
EndGlobal
