
Microsoft Visual Studio Solution File, Format Version 12.00
# Visual Studio Version 17
VisualStudioVersion = 17.14.36623.8 d17.14
MinimumVisualStudioVersion = 10.0.40219.1
Project("{FAE04EC0-301F-11D3-BF4B-00C04F79EFBC}") = "WindowsFormsApp1", "WindowsFormsApp1\WindowsFormsApp1.csproj", "{FB4630FE-76A3-4AC0-B82D-90599A26F502}"
EndProject
Global
	GlobalSection(SolutionConfigurationPlatforms) = preSolution
		Debug|Any CPU = Debug|Any CPU
		Release|Any CPU = Release|Any CPU
	EndGlobalSection
	GlobalSection(ProjectConfigurationPlatforms) = postSolution
		{FB4630FE-76A3-4AC0-B82D-90599A26F502}.Debug|Any CPU.ActiveCfg = Debug|Any CPU
		{FB4630FE-76A3-4AC0-B82D-90599A26F502}.Debug|Any CPU.Build.0 = Debug|Any CPU
		{FB4630FE-76A3-4AC0-B82D-90599A26F502}.Release|Any CPU.ActiveCfg = Release|Any CPU
		{FB4630FE-76A3-4AC0-B82D-90599A26F502}.Release|Any CPU.Build.0 = Release|Any CPU
	EndGlobalSection
	GlobalSection(SolutionProperties) = preSolution
		HideSolutionNode = FALSE
	EndGlobalSection
	GlobalSection(ExtensibilityGlobals) = postSolution
		SolutionGuid = {F615EA80-123D-47F4-9F10-C360412C1A54}
	EndGlobalSection
EndGlobal
